
Microsoft Visual Studio Solution File, Format Version 12.00
# Visual Studio Version 17
VisualStudioVersion = 17.9.34616.47
MinimumVisualStudioVersion = 10.0.40219.1
Project("{9A19103F-16F7-4668-BE54-9A1E7A4F7556}") = "CHC.Presentation", "CHC.Presentation\CHC.Presentation.csproj", "{1822435F-B907-424D-A266-E08DB333D601}"
EndProject
Project("{9A19103F-16F7-4668-BE54-9A1E7A4F7556}") = "CHC.Domain", "CHC.Domain\CHC.Domain.csproj", "{B78D243B-51F1-4AFC-9B1E-98BC3B4EEA7D}"
EndProject
Project("{9A19103F-16F7-4668-BE54-9A1E7A4F7556}") = "CHC.Infrastructure", "CHC.Infrastructure\CHC.Infrastructure.csproj", "{7B594302-6AEF-423B-98F2-CE5D6E206BC4}"
EndProject
Project("{9A19103F-16F7-4668-BE54-9A1E7A4F7556}") = "CHC.Application", "CHC.Application\CHC.Application.csproj", "{0491FCD3-2E84-4E89-8D5E-394D294BACDA}"
EndProject
Project("{E53339B2-1760-4266-BCC7-CA923CBCF16C}") = "docker-compose", "docker-compose.dcproj", "{A7FB1E09-B1F9-4FF0-9CEB-A6E6F015258E}"
EndProject
Global
	GlobalSection(SolutionConfigurationPlatforms) = preSolution
		Debug|Any CPU = Debug|Any CPU
		Release|Any CPU = Release|Any CPU
	EndGlobalSection
	GlobalSection(ProjectConfigurationPlatforms) = postSolution
		{1822435F-B907-424D-A266-E08DB333D601}.Debug|Any CPU.ActiveCfg = Debug|Any CPU
		{1822435F-B907-424D-A266-E08DB333D601}.Debug|Any CPU.Build.0 = Debug|Any CPU
		{1822435F-B907-424D-A266-E08DB333D601}.Release|Any CPU.ActiveCfg = Release|Any CPU
		{1822435F-B907-424D-A266-E08DB333D601}.Release|Any CPU.Build.0 = Release|Any CPU
		{B78D243B-51F1-4AFC-9B1E-98BC3B4EEA7D}.Debug|Any CPU.ActiveCfg = Debug|Any CPU
		{B78D243B-51F1-4AFC-9B1E-98BC3B4EEA7D}.Debug|Any CPU.Build.0 = Debug|Any CPU
		{B78D243B-51F1-4AFC-9B1E-98BC3B4EEA7D}.Release|Any CPU.ActiveCfg = Release|Any CPU
		{B78D243B-51F1-4AFC-9B1E-98BC3B4EEA7D}.Release|Any CPU.Build.0 = Release|Any CPU
		{7B594302-6AEF-423B-98F2-CE5D6E206BC4}.Debug|Any CPU.ActiveCfg = Debug|Any CPU
		{7B594302-6AEF-423B-98F2-CE5D6E206BC4}.Debug|Any CPU.Build.0 = Debug|Any CPU
		{7B594302-6AEF-423B-98F2-CE5D6E206BC4}.Release|Any CPU.ActiveCfg = Release|Any CPU
		{7B594302-6AEF-423B-98F2-CE5D6E206BC4}.Release|Any CPU.Build.0 = Release|Any CPU
		{0491FCD3-2E84-4E89-8D5E-394D294BACDA}.Debug|Any CPU.ActiveCfg = Debug|Any CPU
		{0491FCD3-2E84-4E89-8D5E-394D294BACDA}.Debug|Any CPU.Build.0 = Debug|Any CPU
		{0491FCD3-2E84-4E89-8D5E-394D294BACDA}.Release|Any CPU.ActiveCfg = Release|Any CPU
		{0491FCD3-2E84-4E89-8D5E-394D294BACDA}.Release|Any CPU.Build.0 = Release|Any CPU
		{A7FB1E09-B1F9-4FF0-9CEB-A6E6F015258E}.Debug|Any CPU.ActiveCfg = Debug|Any CPU
		{A7FB1E09-B1F9-4FF0-9CEB-A6E6F015258E}.Debug|Any CPU.Build.0 = Debug|Any CPU
		{A7FB1E09-B1F9-4FF0-9CEB-A6E6F015258E}.Release|Any CPU.ActiveCfg = Release|Any CPU
		{A7FB1E09-B1F9-4FF0-9CEB-A6E6F015258E}.Release|Any CPU.Build.0 = Release|Any CPU
	EndGlobalSection
	GlobalSection(SolutionProperties) = preSolution
		HideSolutionNode = FALSE
	EndGlobalSection
	GlobalSection(ExtensibilityGlobals) = postSolution
		SolutionGuid = {C14C00D2-E5D6-44FB-B8A7-80DC72B5E485}
	EndGlobalSection
EndGlobal
