
Microsoft Visual Studio Solution File, Format Version 12.00
# Visual Studio Version 17
VisualStudioVersion = 17.8.34511.84
MinimumVisualStudioVersion = 10.0.40219.1
Project("{9A19103F-16F7-4668-BE54-9A1E7A4F7556}") = "CHC.Presentation", "Razor_Page\CHC.Presentation.csproj", "{41E7D7FC-B392-4277-9203-E0DA95A62099}"
EndProject
Project("{FAE04EC0-301F-11D3-BF4B-00C04F79EFBC}") = "CHC.Application", "CHC.Application\CHC.Application.csproj", "{29C80001-F420-487C-A17B-7BCBA27B0CF8}"
EndProject
Project("{FAE04EC0-301F-11D3-BF4B-00C04F79EFBC}") = "CHC.Domain", "CHC.Domain\CHC.Domain.csproj", "{FFBCF867-6FDD-4E79-8984-3610B669F22A}"
EndProject
Project("{FAE04EC0-301F-11D3-BF4B-00C04F79EFBC}") = "CHC.Infrastructure", "CHC.Infrastructure\CHC.Infrastructure.csproj", "{C87CC43C-FB8B-467A-BC38-D39F58A99921}"
EndProject
Project("{E53339B2-1760-4266-BCC7-CA923CBCF16C}") = "docker-compose", "docker-compose.dcproj", "{3CB78B30-E197-4917-8C63-9A6BEB5E6DE5}"
EndProject
Global
	GlobalSection(SolutionConfigurationPlatforms) = preSolution
		Debug|Any CPU = Debug|Any CPU
		Release|Any CPU = Release|Any CPU
	EndGlobalSection
	GlobalSection(ProjectConfigurationPlatforms) = postSolution
		{41E7D7FC-B392-4277-9203-E0DA95A62099}.Debug|Any CPU.ActiveCfg = Debug|Any CPU
		{41E7D7FC-B392-4277-9203-E0DA95A62099}.Debug|Any CPU.Build.0 = Debug|Any CPU
		{41E7D7FC-B392-4277-9203-E0DA95A62099}.Release|Any CPU.ActiveCfg = Release|Any CPU
		{41E7D7FC-B392-4277-9203-E0DA95A62099}.Release|Any CPU.Build.0 = Release|Any CPU
		{29C80001-F420-487C-A17B-7BCBA27B0CF8}.Debug|Any CPU.ActiveCfg = Debug|Any CPU
		{29C80001-F420-487C-A17B-7BCBA27B0CF8}.Debug|Any CPU.Build.0 = Debug|Any CPU
		{29C80001-F420-487C-A17B-7BCBA27B0CF8}.Release|Any CPU.ActiveCfg = Release|Any CPU
		{29C80001-F420-487C-A17B-7BCBA27B0CF8}.Release|Any CPU.Build.0 = Release|Any CPU
		{FFBCF867-6FDD-4E79-8984-3610B669F22A}.Debug|Any CPU.ActiveCfg = Debug|Any CPU
		{FFBCF867-6FDD-4E79-8984-3610B669F22A}.Debug|Any CPU.Build.0 = Debug|Any CPU
		{FFBCF867-6FDD-4E79-8984-3610B669F22A}.Release|Any CPU.ActiveCfg = Release|Any CPU
		{FFBCF867-6FDD-4E79-8984-3610B669F22A}.Release|Any CPU.Build.0 = Release|Any CPU
		{C87CC43C-FB8B-467A-BC38-D39F58A99921}.Debug|Any CPU.ActiveCfg = Debug|Any CPU
		{C87CC43C-FB8B-467A-BC38-D39F58A99921}.Debug|Any CPU.Build.0 = Debug|Any CPU
		{C87CC43C-FB8B-467A-BC38-D39F58A99921}.Release|Any CPU.ActiveCfg = Release|Any CPU
		{C87CC43C-FB8B-467A-BC38-D39F58A99921}.Release|Any CPU.Build.0 = Release|Any CPU
		{3CB78B30-E197-4917-8C63-9A6BEB5E6DE5}.Debug|Any CPU.ActiveCfg = Debug|Any CPU
		{3CB78B30-E197-4917-8C63-9A6BEB5E6DE5}.Debug|Any CPU.Build.0 = Debug|Any CPU
		{3CB78B30-E197-4917-8C63-9A6BEB5E6DE5}.Release|Any CPU.ActiveCfg = Release|Any CPU
		{3CB78B30-E197-4917-8C63-9A6BEB5E6DE5}.Release|Any CPU.Build.0 = Release|Any CPU
	EndGlobalSection
	GlobalSection(SolutionProperties) = preSolution
		HideSolutionNode = FALSE
	EndGlobalSection
	GlobalSection(ExtensibilityGlobals) = postSolution
		SolutionGuid = {22CA2C58-C4CD-4C9C-8A8D-5C20D4964E15}
	EndGlobalSection
EndGlobal
